
Microsoft Visual Studio Solution File, Format Version 12.00
# Visual Studio Version 17
VisualStudioVersion = 17.14.36109.1
MinimumVisualStudioVersion = 10.0.40219.1
Project("{FAE04EC0-301F-11D3-BF4B-00C04F79EFBC}") = "Ejercicio1", "Ejercicio1\Ejercicio1.csproj", "{AA03C08F-FD6F-4614-94A2-157ABC6FEFFB}"
EndProject
Project("{FAE04EC0-301F-11D3-BF4B-00C04F79EFBC}") = "Ejercicio 2", "Ejercicio 2\Ejercicio 2.csproj", "{F88F0DC3-AEDF-4302-A438-CB9A1C57B799}"
EndProject
Project("{FAE04EC0-301F-11D3-BF4B-00C04F79EFBC}") = "Ejercicio3", "Ejercicio3\Ejercicio3.csproj", "{43418B88-2941-48C9-946C-C8AAE6F0701C}"
EndProject
Project("{2150E333-8FDC-42A3-9474-1A3956D46DE8}") = "Models", "Models", "{02EA681E-C7D8-13C7-8484-4AC65E1B71E8}"
EndProject
Global
	GlobalSection(SolutionConfigurationPlatforms) = preSolution
		Debug|Any CPU = Debug|Any CPU
		Release|Any CPU = Release|Any CPU
	EndGlobalSection
	GlobalSection(ProjectConfigurationPlatforms) = postSolution
		{AA03C08F-FD6F-4614-94A2-157ABC6FEFFB}.Debug|Any CPU.ActiveCfg = Debug|Any CPU
		{AA03C08F-FD6F-4614-94A2-157ABC6FEFFB}.Debug|Any CPU.Build.0 = Debug|Any CPU
		{AA03C08F-FD6F-4614-94A2-157ABC6FEFFB}.Release|Any CPU.ActiveCfg = Release|Any CPU
		{AA03C08F-FD6F-4614-94A2-157ABC6FEFFB}.Release|Any CPU.Build.0 = Release|Any CPU
		{F88F0DC3-AEDF-4302-A438-CB9A1C57B799}.Debug|Any CPU.ActiveCfg = Debug|Any CPU
		{F88F0DC3-AEDF-4302-A438-CB9A1C57B799}.Debug|Any CPU.Build.0 = Debug|Any CPU
		{F88F0DC3-AEDF-4302-A438-CB9A1C57B799}.Release|Any CPU.ActiveCfg = Release|Any CPU
		{F88F0DC3-AEDF-4302-A438-CB9A1C57B799}.Release|Any CPU.Build.0 = Release|Any CPU
		{43418B88-2941-48C9-946C-C8AAE6F0701C}.Debug|Any CPU.ActiveCfg = Debug|Any CPU
		{43418B88-2941-48C9-946C-C8AAE6F0701C}.Debug|Any CPU.Build.0 = Debug|Any CPU
		{43418B88-2941-48C9-946C-C8AAE6F0701C}.Release|Any CPU.ActiveCfg = Release|Any CPU
		{43418B88-2941-48C9-946C-C8AAE6F0701C}.Release|Any CPU.Build.0 = Release|Any CPU
	EndGlobalSection
	GlobalSection(SolutionProperties) = preSolution
		HideSolutionNode = FALSE
	EndGlobalSection
	GlobalSection(ExtensibilityGlobals) = postSolution
		SolutionGuid = {391C4954-8B81-4308-AE9F-08EAA27B4529}
	EndGlobalSection
EndGlobal
